
Microsoft Visual Studio Solution File, Format Version 12.00
# Visual Studio Version 17
VisualStudioVersion = 17.9.34622.214
MinimumVisualStudioVersion = 10.0.40219.1
Project("{9A19103F-16F7-4668-BE54-9A1E7A4F7556}") = "InvertedTreeApp", "InvertedTreeApp\InvertedTreeApp.csproj", "{CC7DA701-1228-4DD7-AC9E-3700594F4BD6}"
EndProject
Project("{00D1A9C2-B5F0-4AF3-8072-F6C62B433612}") = "InvertedTreeDB", "InvertedTreeDB\InvertedTreeDB.sqlproj", "{999CD6D2-838E-4294-B513-D59AD8AC9754}"
EndProject
Project("{9A19103F-16F7-4668-BE54-9A1E7A4F7556}") = "DataAccess", "DataAccess\DataAccess.csproj", "{465B4543-EA05-489F-BFAB-F5CCF87D88BD}"
EndProject
Project("{FAE04EC0-301F-11D3-BF4B-00C04F79EFBC}") = "UnitTesting", "UnitTesting\UnitTesting.csproj", "{F8646A5A-DAE0-49F9-B1A4-904CDBC29DD0}"
EndProject
Global
	GlobalSection(SolutionConfigurationPlatforms) = preSolution
		Debug|Any CPU = Debug|Any CPU
		Debug|ARM64 = Debug|ARM64
		Debug|x64 = Debug|x64
		Debug|x86 = Debug|x86
		Release|Any CPU = Release|Any CPU
		Release|ARM64 = Release|ARM64
		Release|x64 = Release|x64
		Release|x86 = Release|x86
	EndGlobalSection
	GlobalSection(ProjectConfigurationPlatforms) = postSolution
		{CC7DA701-1228-4DD7-AC9E-3700594F4BD6}.Debug|Any CPU.ActiveCfg = Debug|x64
		{CC7DA701-1228-4DD7-AC9E-3700594F4BD6}.Debug|Any CPU.Build.0 = Debug|x64
		{CC7DA701-1228-4DD7-AC9E-3700594F4BD6}.Debug|Any CPU.Deploy.0 = Debug|x64
		{CC7DA701-1228-4DD7-AC9E-3700594F4BD6}.Debug|ARM64.ActiveCfg = Debug|ARM64
		{CC7DA701-1228-4DD7-AC9E-3700594F4BD6}.Debug|ARM64.Build.0 = Debug|ARM64
		{CC7DA701-1228-4DD7-AC9E-3700594F4BD6}.Debug|ARM64.Deploy.0 = Debug|ARM64
		{CC7DA701-1228-4DD7-AC9E-3700594F4BD6}.Debug|x64.ActiveCfg = Debug|x64
		{CC7DA701-1228-4DD7-AC9E-3700594F4BD6}.Debug|x64.Build.0 = Debug|x64
		{CC7DA701-1228-4DD7-AC9E-3700594F4BD6}.Debug|x64.Deploy.0 = Debug|x64
		{CC7DA701-1228-4DD7-AC9E-3700594F4BD6}.Debug|x86.ActiveCfg = Debug|x86
		{CC7DA701-1228-4DD7-AC9E-3700594F4BD6}.Debug|x86.Build.0 = Debug|x86
		{CC7DA701-1228-4DD7-AC9E-3700594F4BD6}.Debug|x86.Deploy.0 = Debug|x86
		{CC7DA701-1228-4DD7-AC9E-3700594F4BD6}.Release|Any CPU.ActiveCfg = Release|x64
		{CC7DA701-1228-4DD7-AC9E-3700594F4BD6}.Release|Any CPU.Build.0 = Release|x64
		{CC7DA701-1228-4DD7-AC9E-3700594F4BD6}.Release|Any CPU.Deploy.0 = Release|x64
		{CC7DA701-1228-4DD7-AC9E-3700594F4BD6}.Release|ARM64.ActiveCfg = Release|ARM64
		{CC7DA701-1228-4DD7-AC9E-3700594F4BD6}.Release|ARM64.Build.0 = Release|ARM64
		{CC7DA701-1228-4DD7-AC9E-3700594F4BD6}.Release|ARM64.Deploy.0 = Release|ARM64
		{CC7DA701-1228-4DD7-AC9E-3700594F4BD6}.Release|x64.ActiveCfg = Release|x64
		{CC7DA701-1228-4DD7-AC9E-3700594F4BD6}.Release|x64.Build.0 = Release|x64
		{CC7DA701-1228-4DD7-AC9E-3700594F4BD6}.Release|x64.Deploy.0 = Release|x64
		{CC7DA701-1228-4DD7-AC9E-3700594F4BD6}.Release|x86.ActiveCfg = Release|x86
		{CC7DA701-1228-4DD7-AC9E-3700594F4BD6}.Release|x86.Build.0 = Release|x86
		{CC7DA701-1228-4DD7-AC9E-3700594F4BD6}.Release|x86.Deploy.0 = Release|x86
		{999CD6D2-838E-4294-B513-D59AD8AC9754}.Debug|Any CPU.ActiveCfg = Debug|Any CPU
		{999CD6D2-838E-4294-B513-D59AD8AC9754}.Debug|Any CPU.Build.0 = Debug|Any CPU
		{999CD6D2-838E-4294-B513-D59AD8AC9754}.Debug|Any CPU.Deploy.0 = Debug|Any CPU
		{999CD6D2-838E-4294-B513-D59AD8AC9754}.Debug|ARM64.ActiveCfg = Debug|Any CPU
		{999CD6D2-838E-4294-B513-D59AD8AC9754}.Debug|ARM64.Build.0 = Debug|Any CPU
		{999CD6D2-838E-4294-B513-D59AD8AC9754}.Debug|ARM64.Deploy.0 = Debug|Any CPU
		{999CD6D2-838E-4294-B513-D59AD8AC9754}.Debug|x64.ActiveCfg = Debug|Any CPU
		{999CD6D2-838E-4294-B513-D59AD8AC9754}.Debug|x64.Build.0 = Debug|Any CPU
		{999CD6D2-838E-4294-B513-D59AD8AC9754}.Debug|x64.Deploy.0 = Debug|Any CPU
		{999CD6D2-838E-4294-B513-D59AD8AC9754}.Debug|x86.ActiveCfg = Debug|Any CPU
		{999CD6D2-838E-4294-B513-D59AD8AC9754}.Debug|x86.Build.0 = Debug|Any CPU
		{999CD6D2-838E-4294-B513-D59AD8AC9754}.Debug|x86.Deploy.0 = Debug|Any CPU
		{999CD6D2-838E-4294-B513-D59AD8AC9754}.Release|Any CPU.ActiveCfg = Release|Any CPU
		{999CD6D2-838E-4294-B513-D59AD8AC9754}.Release|Any CPU.Build.0 = Release|Any CPU
		{999CD6D2-838E-4294-B513-D59AD8AC9754}.Release|Any CPU.Deploy.0 = Release|Any CPU
		{999CD6D2-838E-4294-B513-D59AD8AC9754}.Release|ARM64.ActiveCfg = Release|Any CPU
		{999CD6D2-838E-4294-B513-D59AD8AC9754}.Release|ARM64.Build.0 = Release|Any CPU
		{999CD6D2-838E-4294-B513-D59AD8AC9754}.Release|ARM64.Deploy.0 = Release|Any CPU
		{999CD6D2-838E-4294-B513-D59AD8AC9754}.Release|x64.ActiveCfg = Release|Any CPU
		{999CD6D2-838E-4294-B513-D59AD8AC9754}.Release|x64.Build.0 = Release|Any CPU
		{999CD6D2-838E-4294-B513-D59AD8AC9754}.Release|x64.Deploy.0 = Release|Any CPU
		{999CD6D2-838E-4294-B513-D59AD8AC9754}.Release|x86.ActiveCfg = Release|Any CPU
		{999CD6D2-838E-4294-B513-D59AD8AC9754}.Release|x86.Build.0 = Release|Any CPU
		{999CD6D2-838E-4294-B513-D59AD8AC9754}.Release|x86.Deploy.0 = Release|Any CPU
		{465B4543-EA05-489F-BFAB-F5CCF87D88BD}.Debug|Any CPU.ActiveCfg = Debug|Any CPU
		{465B4543-EA05-489F-BFAB-F5CCF87D88BD}.Debug|Any CPU.Build.0 = Debug|Any CPU
		{465B4543-EA05-489F-BFAB-F5CCF87D88BD}.Debug|ARM64.ActiveCfg = Debug|Any CPU
		{465B4543-EA05-489F-BFAB-F5CCF87D88BD}.Debug|ARM64.Build.0 = Debug|Any CPU
		{465B4543-EA05-489F-BFAB-F5CCF87D88BD}.Debug|x64.ActiveCfg = Debug|Any CPU
		{465B4543-EA05-489F-BFAB-F5CCF87D88BD}.Debug|x64.Build.0 = Debug|Any CPU
		{465B4543-EA05-489F-BFAB-F5CCF87D88BD}.Debug|x86.ActiveCfg = Debug|Any CPU
		{465B4543-EA05-489F-BFAB-F5CCF87D88BD}.Debug|x86.Build.0 = Debug|Any CPU
		{465B4543-EA05-489F-BFAB-F5CCF87D88BD}.Release|Any CPU.ActiveCfg = Release|Any CPU
		{465B4543-EA05-489F-BFAB-F5CCF87D88BD}.Release|Any CPU.Build.0 = Release|Any CPU
		{465B4543-EA05-489F-BFAB-F5CCF87D88BD}.Release|ARM64.ActiveCfg = Release|Any CPU
		{465B4543-EA05-489F-BFAB-F5CCF87D88BD}.Release|ARM64.Build.0 = Release|Any CPU
		{465B4543-EA05-489F-BFAB-F5CCF87D88BD}.Release|x64.ActiveCfg = Release|Any CPU
		{465B4543-EA05-489F-BFAB-F5CCF87D88BD}.Release|x64.Build.0 = Release|Any CPU
		{465B4543-EA05-489F-BFAB-F5CCF87D88BD}.Release|x86.ActiveCfg = Release|Any CPU
		{465B4543-EA05-489F-BFAB-F5CCF87D88BD}.Release|x86.Build.0 = Release|Any CPU
		{F8646A5A-DAE0-49F9-B1A4-904CDBC29DD0}.Debug|Any CPU.ActiveCfg = Debug|Any CPU
		{F8646A5A-DAE0-49F9-B1A4-904CDBC29DD0}.Debug|Any CPU.Build.0 = Debug|Any CPU
		{F8646A5A-DAE0-49F9-B1A4-904CDBC29DD0}.Debug|ARM64.ActiveCfg = Debug|Any CPU
		{F8646A5A-DAE0-49F9-B1A4-904CDBC29DD0}.Debug|ARM64.Build.0 = Debug|Any CPU
		{F8646A5A-DAE0-49F9-B1A4-904CDBC29DD0}.Debug|x64.ActiveCfg = Debug|Any CPU
		{F8646A5A-DAE0-49F9-B1A4-904CDBC29DD0}.Debug|x64.Build.0 = Debug|Any CPU
		{F8646A5A-DAE0-49F9-B1A4-904CDBC29DD0}.Debug|x86.ActiveCfg = Debug|Any CPU
		{F8646A5A-DAE0-49F9-B1A4-904CDBC29DD0}.Debug|x86.Build.0 = Debug|Any CPU
		{F8646A5A-DAE0-49F9-B1A4-904CDBC29DD0}.Release|Any CPU.ActiveCfg = Release|Any CPU
		{F8646A5A-DAE0-49F9-B1A4-904CDBC29DD0}.Release|Any CPU.Build.0 = Release|Any CPU
		{F8646A5A-DAE0-49F9-B1A4-904CDBC29DD0}.Release|ARM64.ActiveCfg = Release|Any CPU
		{F8646A5A-DAE0-49F9-B1A4-904CDBC29DD0}.Release|ARM64.Build.0 = Release|Any CPU
		{F8646A5A-DAE0-49F9-B1A4-904CDBC29DD0}.Release|x64.ActiveCfg = Release|Any CPU
		{F8646A5A-DAE0-49F9-B1A4-904CDBC29DD0}.Release|x64.Build.0 = Release|Any CPU
		{F8646A5A-DAE0-49F9-B1A4-904CDBC29DD0}.Release|x86.ActiveCfg = Release|Any CPU
		{F8646A5A-DAE0-49F9-B1A4-904CDBC29DD0}.Release|x86.Build.0 = Release|Any CPU
	EndGlobalSection
	GlobalSection(SolutionProperties) = preSolution
		HideSolutionNode = FALSE
	EndGlobalSection
	GlobalSection(ExtensibilityGlobals) = postSolution
		SolutionGuid = {1D06A99E-8DCD-4334-8B32-09CB5F7B9563}
	EndGlobalSection
EndGlobal
